
Microsoft Visual Studio Solution File, Format Version 12.00
# Visual Studio Version 17
VisualStudioVersion = 17.11.35208.52
MinimumVisualStudioVersion = 10.0.40219.1
Project("{888888A0-9F3D-457C-B088-3A5042F75D52}") = "Flashcards", "Flashcards.pyproj", "{A12B4C68-7E39-450E-A74F-EE49EA5D9CFA}"
EndProject
Global
	GlobalSection(SolutionConfigurationPlatforms) = preSolution
		Debug|Any CPU = Debug|Any CPU
		Release|Any CPU = Release|Any CPU
	EndGlobalSection
	GlobalSection(ProjectConfigurationPlatforms) = postSolution
		{A12B4C68-7E39-450E-A74F-EE49EA5D9CFA}.Debug|Any CPU.ActiveCfg = Debug|Any CPU
		{A12B4C68-7E39-450E-A74F-EE49EA5D9CFA}.Release|Any CPU.ActiveCfg = Release|Any CPU
	EndGlobalSection
	GlobalSection(SolutionProperties) = preSolution
		HideSolutionNode = FALSE
	EndGlobalSection
	GlobalSection(ExtensibilityGlobals) = postSolution
		SolutionGuid = {4079DD24-69D2-48D3-8D91-D0FBDD6DAF34}
	EndGlobalSection
EndGlobal
